{
    "_readme": [
        "This file locks the dependencies of your project to a known state",
        "Read more about it at https://getcomposer.org/doc/01-basic-usage.md#installing-dependencies",
        "This file is @generated automatically"
    ],
    "content-hash": "b82e6584af1406a6392e0a8ed2b9ba12",
    "packages": [
        {
            "name": "benlumia007/backdrop",
            "version": "v3.0.0.x-dev",
            "source": {
                "type": "git",
                "url": "https://github.com/benlumia007/backdrop.git",
                "reference": "4e37cb7a88e1e302ee27f7bab3d90454a0cc2e7b"
            },
            "dist": {
                "type": "zip",
                "url": "https://api.github.com/repos/benlumia007/backdrop/zipball/4e37cb7a88e1e302ee27f7bab3d90454a0cc2e7b",
                "reference": "4e37cb7a88e1e302ee27f7bab3d90454a0cc2e7b",
                "shasum": ""
            },
            "require": {
                "php": ">=7.3.24"
            },
            "type": "library",
            "autoload": {
                "psr-4": {
                    "Benlumia007\\Backdrop\\": "src/"
                }
            },
            "notification-url": "https://packagist.org/downloads/",
            "license": [
                "GPL-2.0-or-later"
            ],
            "authors": [
                {
                    "name": "Benjamin Lu",
                    "email": "benlumia007@gmail.com",
                    "homepage": "https://benjlu.com",
                    "role": "Developer"
                }
            ],
            "description": "A core that helps you build amazing themes",
            "homepage": "https://github.com/benlumia007/backdrop",
            "keywords": [
                "wordpress"
            ],
            "support": {
                "issues": "https://github.com/benlumia007/backdrop/issues",
                "source": "https://github.com/benlumia007/backdrop/tree/v3.0.0"
            },
            "time": "2021-10-01T15:19:51+00:00"
        },
        {
            "name": "benlumia007/backdrop-customize",
            "version": "v1.0.0.x-dev",
            "source": {
                "type": "git",
                "url": "https://github.com/benlumia007/backdrop-customize.git",
                "reference": "d4479c69b28f7fe491236304f9b03ac2d09d99e4"
            },
            "dist": {
                "type": "zip",
                "url": "https://api.github.com/repos/benlumia007/backdrop-customize/zipball/d4479c69b28f7fe491236304f9b03ac2d09d99e4",
                "reference": "d4479c69b28f7fe491236304f9b03ac2d09d99e4",
                "shasum": ""
            },
            "require": {
                "benlumia007/backdrop": "v3.0.0.x-dev",
                "php": ">=7.3.24"
            },
            "default-branch": true,
            "type": "library",
            "autoload": {
                "psr-4": {
                    "Benlumia007\\Backdrop\\Customize\\": "src/"
                }
            },
            "notification-url": "https://packagist.org/downloads/",
            "license": [
                "GPL-2.0-or-later"
            ],
            "authors": [
                {
                    "name": "Benjamin Lu",
                    "email": "benlumia007@gmail.com",
                    "homepage": "https://benjlu.com",
                    "role": "Developer"
                }
            ],
            "description": "A core that helps you build amazing themes",
            "homepage": "https://github.com/benlumia007/backdrop-customize",
            "keywords": [
                "wordpress"
            ],
            "support": {
                "issues": "https://github.com/benlumia007/backdrop-customize/issues",
                "source": "https://github.com/benlumia007/backdrop-customize/tree/v1.0.0"
            },
            "time": "2021-10-10T04:03:59+00:00"
        },
        {
            "name": "benlumia007/backdrop-customize-helpers",
            "version": "v1.0.0.x-dev",
            "source": {
                "type": "git",
                "url": "https://github.com/benlumia007/backdrop-customize-helpers.git",
                "reference": "68525b2ffe95082f98ce4143c09304a8b70e1a15"
            },
            "dist": {
                "type": "zip",
                "url": "https://api.github.com/repos/benlumia007/backdrop-customize-helpers/zipball/68525b2ffe95082f98ce4143c09304a8b70e1a15",
                "reference": "68525b2ffe95082f98ce4143c09304a8b70e1a15",
                "shasum": ""
            },
            "require": {
                "php": ">=7.3.24"
            },
            "default-branch": true,
            "type": "library",
            "autoload": {
                "psr-4": {
                    "Benlumia007\\Backdrop\\Customize\\": "src/"
                },
                "files": [
                    "src/functions-helpers.php"
                ]
            },
            "notification-url": "https://packagist.org/downloads/",
            "license": [
                "GPL-2.0-or-later"
            ],
            "authors": [
                {
                    "name": "Benjamin Lu",
                    "email": "benlumia007@gmail.com",
                    "homepage": "https://benjlu.com",
                    "role": "Developer"
                }
            ],
            "description": "A core that helps you build amazing themes",
            "homepage": "https://github.com/benlumia007/backdrop-customize-helpers",
            "keywords": [
                "wordpress"
            ],
            "support": {
                "issues": "https://github.com/benlumia007/backdrop-customize-helpers/issues",
                "source": "https://github.com/benlumia007/backdrop-customize-helpers/tree/v1.0.0"
            },
            "time": "2021-10-01T06:47:25+00:00"
        },
        {
            "name": "benlumia007/backdrop-fontawesome",
            "version": "v1.0.0.x-dev",
            "source": {
                "type": "git",
                "url": "https://github.com/benlumia007/backdrop-fontawesome.git",
                "reference": "84777de3f3e1fb1f260b62b6dcffd645ec26e2a7"
            },
            "dist": {
                "type": "zip",
                "url": "https://api.github.com/repos/benlumia007/backdrop-fontawesome/zipball/84777de3f3e1fb1f260b62b6dcffd645ec26e2a7",
                "reference": "84777de3f3e1fb1f260b62b6dcffd645ec26e2a7",
                "shasum": ""
            },
            "require": {
                "benlumia007/backdrop": "v3.0.0.x-dev",
                "php": ">=7.3.24"
            },
            "default-branch": true,
            "type": "library",
            "autoload": {
                "psr-4": {
                    "Benlumia007\\Backdrop\\FontAwesome\\": "src/"
                }
            },
            "notification-url": "https://packagist.org/downloads/",
            "license": [
                "GPL-2.0-or-later"
            ],
            "authors": [
                {
                    "name": "Benjamin Lu",
                    "email": "benlumia007@gmail.com",
                    "homepage": "https://benjlu.com",
                    "role": "Developer"
                }
            ],
            "description": "A core that helps you build amazing themes",
            "homepage": "https://github.com/benlumia007/backdrop-fontawesome",
            "keywords": [
                "wordpress"
            ],
            "support": {
                "issues": "https://github.com/benlumia007/backdrop-fontawesome/issues",
                "source": "https://github.com/benlumia007/backdrop-fontawesome/tree/v1.0.0"
            },
            "time": "2021-10-01T15:36:33+00:00"
        },
        {
            "name": "benlumia007/backdrop-googlefonts",
            "version": "v1.0.0.x-dev",
            "source": {
                "type": "git",
                "url": "https://github.com/benlumia007/backdrop-googlefonts.git",
                "reference": "d1713738059573526d5db7d5632f54602b194857"
            },
            "dist": {
                "type": "zip",
                "url": "https://api.github.com/repos/benlumia007/backdrop-googlefonts/zipball/d1713738059573526d5db7d5632f54602b194857",
                "reference": "d1713738059573526d5db7d5632f54602b194857",
                "shasum": ""
            },
            "require": {
                "benlumia007/backdrop": "v3.0.0.x-dev",
                "php": ">=7.3.24"
            },
            "default-branch": true,
            "type": "library",
            "autoload": {
                "psr-4": {
                    "Benlumia007\\Backdrop\\GoogleFonts\\": "src/"
                }
            },
            "notification-url": "https://packagist.org/downloads/",
            "license": [
                "GPL-2.0-or-later"
            ],
            "authors": [
                {
                    "name": "Benjamin Lu",
                    "email": "benlumia007@gmail.com",
                    "homepage": "https://benjlu.com",
                    "role": "Developer"
                }
            ],
            "description": "A core that helps you build amazing themes",
            "homepage": "https://github.com/benlumia007/backdrop-googlefonts",
            "keywords": [
                "wordpress"
            ],
            "support": {
                "issues": "https://github.com/benlumia007/backdrop-googlefonts/issues",
                "source": "https://github.com/benlumia007/backdrop-googlefonts/tree/v1.0.0"
            },
            "time": "2021-09-30T23:36:43+00:00"
        },
        {
            "name": "benlumia007/backdrop-template-helpers",
            "version": "v1.0.0.x-dev",
            "source": {
                "type": "git",
                "url": "https://github.com/benlumia007/backdrop-template-helpers.git",
                "reference": "2bad9121e970f3c57721e4e456fd17b8cfc0f618"
            },
            "dist": {
                "type": "zip",
                "url": "https://api.github.com/repos/benlumia007/backdrop-template-helpers/zipball/2bad9121e970f3c57721e4e456fd17b8cfc0f618",
                "reference": "2bad9121e970f3c57721e4e456fd17b8cfc0f618",
                "shasum": ""
            },
            "require": {
                "benlumia007/backdrop": "v3.0.0.x-dev",
                "php": ">=7.3.24"
            },
            "default-branch": true,
            "type": "library",
            "autoload": {
                "psr-4": {
                    "Benlumia007\\Backdrop\\Template\\": "src/"
                },
                "files": [
                    "src/functions-helpers.php"
                ]
            },
            "notification-url": "https://packagist.org/downloads/",
            "license": [
                "GPL-2.0-or-later"
            ],
            "authors": [
                {
                    "name": "Benjamin Lu",
                    "email": "benlumia007@gmail.com",
                    "homepage": "https://benjlu.com",
                    "role": "Developer"
                }
            ],
            "description": "A core that helps you build amazing themes",
            "homepage": "https://github.com/benlumia007/backdrop-template-helpers",
            "keywords": [
                "wordpress"
            ],
            "support": {
                "issues": "https://github.com/benlumia007/backdrop-template-helpers/issues",
                "source": "https://github.com/benlumia007/backdrop-template-helpers/tree/v1.0.0"
            },
            "time": "2021-10-01T05:11:29+00:00"
        },
        {
            "name": "benlumia007/backdrop-template-hierarchy",
            "version": "v1.0.0.x-dev",
            "source": {
                "type": "git",
                "url": "https://github.com/benlumia007/backdrop-template-hierarchy.git",
                "reference": "16eb517ec4bc8079d2dc8bb662429ba63bc0d0de"
            },
            "dist": {
                "type": "zip",
                "url": "https://api.github.com/repos/benlumia007/backdrop-template-hierarchy/zipball/16eb517ec4bc8079d2dc8bb662429ba63bc0d0de",
                "reference": "16eb517ec4bc8079d2dc8bb662429ba63bc0d0de",
                "shasum": ""
            },
            "require": {
                "benlumia007/backdrop": "v3.0.0.x-dev",
                "benlumia007/backdrop-template-helpers": "v1.0.0.x-dev",
                "php": ">=7.0"
            },
            "default-branch": true,
            "type": "library",
            "autoload": {
                "psr-4": {
                    "Benlumia007\\Backdrop\\Template\\": "src/"
                }
            },
            "notification-url": "https://packagist.org/downloads/",
            "license": [
                "GPL-2.0-or-later"
            ],
            "authors": [
                {
                    "name": "Benjamin Lu",
                    "email": "benlumia007@gmail.com",
                    "homepage": "https://benjlu.com",
                    "role": "Developer"
                }
            ],
            "description": "A core that helps you build amazing themes",
            "homepage": "https://github.com/benlumia007/backdrop-template-hierarchy",
            "keywords": [
                "wordpress"
            ],
            "support": {
                "issues": "https://github.com/benlumia007/backdrop-template-hierarchy/issues",
                "source": "https://github.com/benlumia007/backdrop-template-hierarchy/tree/v1.0.0"
            },
            "time": "2021-10-01T05:12:24+00:00"
        },
        {
            "name": "benlumia007/backdrop-template-manager",
            "version": "v1.0.0.x-dev",
            "source": {
                "type": "git",
                "url": "https://github.com/benlumia007/backdrop-template-manager.git",
                "reference": "4d9df31b5c3848db3e5cdb56e205e74dcac7869f"
            },
            "dist": {
                "type": "zip",
                "url": "https://api.github.com/repos/benlumia007/backdrop-template-manager/zipball/4d9df31b5c3848db3e5cdb56e205e74dcac7869f",
                "reference": "4d9df31b5c3848db3e5cdb56e205e74dcac7869f",
                "shasum": ""
            },
            "require": {
                "benlumia007/backdrop": "v3.0.0.x-dev",
                "benlumia007/backdrop-template-helpers": "v1.0.0.x-dev",
                "php": ">=7.3.24"
            },
            "default-branch": true,
            "type": "library",
            "autoload": {
                "psr-4": {
                    "Benlumia007\\Backdrop\\Template\\": "src/"
                }
            },
            "notification-url": "https://packagist.org/downloads/",
            "license": [
                "GPL-2.0-or-later"
            ],
            "authors": [
                {
                    "name": "Benjamin Lu",
                    "email": "benlumia007@gmail.com",
                    "homepage": "https://benjlu.com",
                    "role": "Developer"
                }
            ],
            "description": "A core that helps you build amazing themes",
            "homepage": "https://github.com/benlumia007/backdrop-template-manager",
            "keywords": [
                "wordpress"
            ],
            "support": {
                "issues": "https://github.com/benlumia007/backdrop-template-manager/issues",
                "source": "https://github.com/benlumia007/backdrop-template-manager/tree/v1.0.0"
            },
            "time": "2021-10-01T05:14:02+00:00"
        },
        {
            "name": "benlumia007/backdrop-template-view",
            "version": "v1.0.0.x-dev",
            "source": {
                "type": "git",
                "url": "https://github.com/benlumia007/backdrop-template-view.git",
                "reference": "87dd6b06d716879b94c69404ce944e87e0141d5c"
            },
            "dist": {
                "type": "zip",
                "url": "https://api.github.com/repos/benlumia007/backdrop-template-view/zipball/87dd6b06d716879b94c69404ce944e87e0141d5c",
                "reference": "87dd6b06d716879b94c69404ce944e87e0141d5c",
                "shasum": ""
            },
            "require": {
                "benlumia007/backdrop": "v3.0.0.x-dev",
                "benlumia007/backdrop-template-helpers": "v1.0.0.x-dev",
                "php": ">=7.3.24"
            },
            "type": "library",
            "autoload": {
                "psr-4": {
                    "Benlumia007\\Backdrop\\Template\\": "src/"
                }
            },
            "notification-url": "https://packagist.org/downloads/",
            "license": [
                "GPL-2.0-or-later"
            ],
            "authors": [
                {
                    "name": "Benjamin Lu",
                    "email": "benlumia007@gmail.com",
                    "homepage": "https://benjlu.com",
                    "role": "Developer"
                }
            ],
            "description": "A core that helps you build amazing themes",
            "homepage": "https://github.com/benlumia007/backdrop-template-view",
            "keywords": [
                "wordpress"
            ],
            "support": {
                "issues": "https://github.com/benlumia007/backdrop-template-view/issues",
                "source": "https://github.com/benlumia007/backdrop-template-view/tree/v1.0.0"
            },
            "time": "2021-10-01T05:13:30+00:00"
        },
        {
            "name": "benlumia007/backdrop-theme",
            "version": "v1.0.0.x-dev",
            "source": {
                "type": "git",
                "url": "https://github.com/benlumia007/backdrop-theme.git",
                "reference": "00787f5efd5f4879a376874d47aa98562bff4104"
            },
            "dist": {
                "type": "zip",
                "url": "https://api.github.com/repos/benlumia007/backdrop-theme/zipball/00787f5efd5f4879a376874d47aa98562bff4104",
                "reference": "00787f5efd5f4879a376874d47aa98562bff4104",
                "shasum": ""
            },
            "require": {
                "benlumia007/backdrop": "v3.0.0.x-dev",
                "benlumia007/backdrop-template-helpers": "v1.0.0.x-dev",
                "php": ">=7.3.24"
            },
            "default-branch": true,
            "type": "library",
            "autoload": {
                "psr-4": {
                    "Benlumia007\\Backdrop\\Theme\\": "src/"
                },
                "files": [
                    "src/Entry/functions-entry.php",
                    "src/Filters/functions-filters.php",
                    "src/Menu/functions-menu.php",
                    "src/Sidebar/functions-sidebar.php",
                    "src/Site/functions-site.php"
                ]
            },
            "notification-url": "https://packagist.org/downloads/",
            "license": [
                "GPL-2.0-or-later"
            ],
            "authors": [
                {
                    "name": "Benjamin Lu",
                    "email": "benlumia007@gmail.com",
                    "homepage": "https://benjlu.com",
                    "role": "Developer"
                }
            ],
            "description": "A core that helps you build amazing themes",
            "homepage": "https://github.com/benlumia007/backdrop-theme",
            "keywords": [
                "wordpress"
            ],
            "support": {
                "issues": "https://github.com/benlumia007/backdrop-theme/issues",
                "source": "https://github.com/benlumia007/backdrop-theme/tree/v1.0.0"
            },
            "time": "2021-10-18T05:08:39+00:00"
        }
    ],
    "packages-dev": [],
    "aliases": [],
    "minimum-stability": "stable",
    "stability-flags": {
        "benlumia007/backdrop": 20,
        "benlumia007/backdrop-customize": 20,
        "benlumia007/backdrop-customize-helpers": 20,
        "benlumia007/backdrop-fontawesome": 20,
        "benlumia007/backdrop-googlefonts": 20,
        "benlumia007/backdrop-template-helpers": 20,
        "benlumia007/backdrop-template-hierarchy": 20,
        "benlumia007/backdrop-template-manager": 20,
        "benlumia007/backdrop-template-view": 20,
        "benlumia007/backdrop-theme": 20
    },
    "prefer-stable": false,
    "prefer-lowest": false,
    "platform": {
        "php": ">=7.3.24"
    },
    "platform-dev": [],
    "plugin-api-version": "2.1.0"
}
