{
    "_readme": [
        "This file locks the dependencies of your project to a known state",
        "Read more about it at https://getcomposer.org/doc/01-basic-usage.md#installing-dependencies",
        "This file is @generated automatically"
    ],
    "content-hash": "88d2f09b5bf798a213e61919fdad8eff",
    "packages": [
        {
            "name": "backdrop-dev/contracts",
            "version": "dev-develop",
            "source": {
                "type": "git",
                "url": "https://github.com/backdrop-dev/contracts.git",
                "reference": "4dd506178abea2fc83cf80531ebc7af96deb85e8"
            },
            "dist": {
                "type": "zip",
                "url": "https://api.github.com/repos/backdrop-dev/contracts/zipball/4dd506178abea2fc83cf80531ebc7af96deb85e8",
                "reference": "4dd506178abea2fc83cf80531ebc7af96deb85e8",
                "shasum": ""
            },
            "require": {
                "php": ">=7.1"
            },
            "default-branch": true,
            "type": "library",
            "autoload": {
                "psr-4": {
                    "Backdrop\\Contracts\\": "src"
                }
            },
            "notification-url": "https://packagist.org/downloads/",
            "license": [
                "GPL-2.0-or-later"
            ],
            "authors": [
                {
                    "name": "Benjamin Lu",
                    "email": "benlumia007@gmail.com",
                    "homepage": "https://benjlu.com",
                    "role": "Developer"
                }
            ],
            "description": "Backdrop Contracts for Backdrop framework.",
            "homepage": "https://github.com/benlumia007/backdrop-contracts",
            "keywords": [
                "classicpress",
                "wordpress"
            ],
            "support": {
                "issues": "https://github.com/benlumia007/backdrop-contracts/issues",
                "source": "https://github.com/backdrop-dev/contracts/tree/develop"
            },
            "time": "2024-07-16T18:06:26+00:00"
        },
        {
            "name": "backdrop-dev/customize",
            "version": "dev-develop",
            "source": {
                "type": "git",
                "url": "https://github.com/backdrop-dev/customize.git",
                "reference": "7b6eae51ffcb632adfba6e4f8db79366bf97e612"
            },
            "dist": {
                "type": "zip",
                "url": "https://api.github.com/repos/backdrop-dev/customize/zipball/7b6eae51ffcb632adfba6e4f8db79366bf97e612",
                "reference": "7b6eae51ffcb632adfba6e4f8db79366bf97e612",
                "shasum": ""
            },
            "require": {
                "php": ">=7.1"
            },
            "default-branch": true,
            "type": "library",
            "autoload": {
                "psr-4": {
                    "Backdrop\\Customize\\": "src/"
                }
            },
            "notification-url": "https://packagist.org/downloads/",
            "license": [
                "GPL-2.0-or-later"
            ],
            "authors": [
                {
                    "name": "Benjamin Lu",
                    "email": "benlumia007@gmail.com",
                    "homepage": "https://benjlu.com",
                    "role": "Developer"
                }
            ],
            "description": "Additional ClassicPress and WordPress theme customizer for Backdrop framework.",
            "homepage": "https://github.com/backdrop-dev/customize",
            "keywords": [
                "classicpress",
                "wordpress"
            ],
            "support": {
                "issues": "https://github.com/backdrop-dev/customize/issues",
                "source": "https://github.com/backdrop-dev/customize/tree/develop"
            },
            "time": "2025-05-14T22:26:49+00:00"
        },
        {
            "name": "backdrop-dev/fonts",
            "version": "dev-develop",
            "source": {
                "type": "git",
                "url": "https://github.com/backdrop-dev/fonts.git",
                "reference": "c64cb8aafbacae0eea6231b0d86228c8a5d8940d"
            },
            "dist": {
                "type": "zip",
                "url": "https://api.github.com/repos/backdrop-dev/fonts/zipball/c64cb8aafbacae0eea6231b0d86228c8a5d8940d",
                "reference": "c64cb8aafbacae0eea6231b0d86228c8a5d8940d",
                "shasum": ""
            },
            "require": {
                "php": ">=7.1"
            },
            "default-branch": true,
            "type": "library",
            "autoload": {
                "psr-4": {
                    "Backdrop\\Fonts\\": "src/"
                }
            },
            "notification-url": "https://packagist.org/downloads/",
            "license": [
                "GPL-2.0-or-later"
            ],
            "authors": [
                {
                    "name": "Benjamin Lu",
                    "email": "benlumia007@gmail.com",
                    "homepage": "https://benjlu.com",
                    "role": "Developer"
                }
            ],
            "description": "Helper functions for loading Google Fonts locally.",
            "homepage": "https://github.com/backdrop-dev/fonts",
            "keywords": [
                "classicpress",
                "wordpress"
            ],
            "support": {
                "issues": "https://github.com/backdrop-dev/fonts/issues",
                "source": "https://github.com/backdrop-dev/fonts/tree/develop"
            },
            "time": "2025-11-20T18:01:21+00:00"
        },
        {
            "name": "backdrop-dev/framework",
            "version": "2.0.x-dev",
            "source": {
                "type": "git",
                "url": "https://github.com/backdrop-dev/framework.git",
                "reference": "4271c13e8a001ab1b09cb2e4f02e996aeb0f71aa"
            },
            "dist": {
                "type": "zip",
                "url": "https://api.github.com/repos/backdrop-dev/framework/zipball/4271c13e8a001ab1b09cb2e4f02e996aeb0f71aa",
                "reference": "4271c13e8a001ab1b09cb2e4f02e996aeb0f71aa",
                "shasum": ""
            },
            "require": {
                "php": ">=7.4"
            },
            "type": "library",
            "autoload": {
                "files": [
                    "src/functions-helpers.php"
                ],
                "psr-4": {
                    "Backdrop\\": "src/"
                }
            },
            "notification-url": "https://packagist.org/downloads/",
            "license": [
                "GPL-2.0-or-later"
            ],
            "authors": [
                {
                    "name": "Benjamin Lu",
                    "email": "benlumia007@gmail.com",
                    "homepage": "https://benjlu.com",
                    "role": "Developer"
                }
            ],
            "description": "Backdrop Framework: A framework for developing ClassicPress and WordPress themes and plugins.",
            "homepage": "https://benjlu.com/project/backdrop-dev",
            "keywords": [
                "classicpress",
                "wordpress"
            ],
            "support": {
                "issues": "https://github.com/backdrop-dev/framework/issues",
                "source": "https://github.com/backdrop-dev/framework/tree/develop"
            },
            "time": "2025-04-23T23:46:18+00:00"
        },
        {
            "name": "backdrop-dev/languages",
            "version": "dev-develop",
            "source": {
                "type": "git",
                "url": "https://github.com/backdrop-dev/languages.git",
                "reference": "b591867426eaec29e93eb10853abf75f6ea9fd1e"
            },
            "dist": {
                "type": "zip",
                "url": "https://api.github.com/repos/backdrop-dev/languages/zipball/b591867426eaec29e93eb10853abf75f6ea9fd1e",
                "reference": "b591867426eaec29e93eb10853abf75f6ea9fd1e",
                "shasum": ""
            },
            "require": {
                "php": ">=7.1"
            },
            "default-branch": true,
            "type": "library",
            "autoload": {
                "files": [
                    "src/functions-helpers.php"
                ],
                "psr-4": {
                    "Backdrop\\Languages\\": "src/"
                }
            },
            "notification-url": "https://packagist.org/downloads/",
            "license": [
                "GPL-2.0-or-later"
            ],
            "authors": [
                {
                    "name": "Benjamin Lu",
                    "email": "benlumia007@gmail.com",
                    "homepage": "https://luthemes.com",
                    "role": "Developer"
                }
            ],
            "description": "Languages deals with loading textdomains and locale-specific function files, an add-on for the Backdrop framework.",
            "homepage": "https://github.com/backdrop-dev/languages",
            "keywords": [
                "wordpress"
            ],
            "support": {
                "issues": "https://github.com/backdrop-dev/languages/issues",
                "source": "https://github.com/backdrop-dev/languages/tree/develop"
            },
            "time": "2024-07-19T14:59:22+00:00"
        },
        {
            "name": "backdrop-dev/mix",
            "version": "dev-develop",
            "source": {
                "type": "git",
                "url": "https://github.com/backdrop-dev/mix.git",
                "reference": "60e8c47cd6ed7d9ea76462823ca2fe874ad0cf88"
            },
            "dist": {
                "type": "zip",
                "url": "https://api.github.com/repos/backdrop-dev/mix/zipball/60e8c47cd6ed7d9ea76462823ca2fe874ad0cf88",
                "reference": "60e8c47cd6ed7d9ea76462823ca2fe874ad0cf88",
                "shasum": ""
            },
            "require": {
                "php": ">=7.1"
            },
            "default-branch": true,
            "type": "library",
            "autoload": {
                "files": [
                    "src/functions-helpers.php"
                ],
                "psr-4": {
                    "Backdrop\\Mix\\": "src/"
                }
            },
            "notification-url": "https://packagist.org/downloads/",
            "license": [
                "GPL-2.0-or-later"
            ],
            "authors": [
                {
                    "name": "Benjamin Lu",
                    "email": "benlumia007@gmail.com",
                    "homepage": "https://benjlu.com",
                    "role": "Developer"
                }
            ],
            "description": "Backdrop Mix is a helper class for ClassicPress or WordPress plugins themes and plugins using Laravel Mix.",
            "homepage": "https://github.com/backdrop-dev/mix",
            "keywords": [
                "classicpress",
                "wordpress"
            ],
            "support": {
                "issues": "https://github.com/backdrop-dev/mix/issues",
                "source": "https://github.com/backdrop-dev/mix/tree/develop"
            },
            "time": "2025-11-07T00:16:32+00:00"
        },
        {
            "name": "backdrop-dev/pagination",
            "version": "dev-develop",
            "source": {
                "type": "git",
                "url": "https://github.com/backdrop-dev/pagination.git",
                "reference": "9ada431a5a65e18b959305d91877f888f215c872"
            },
            "dist": {
                "type": "zip",
                "url": "https://api.github.com/repos/backdrop-dev/pagination/zipball/9ada431a5a65e18b959305d91877f888f215c872",
                "reference": "9ada431a5a65e18b959305d91877f888f215c872",
                "shasum": ""
            },
            "require": {
                "php": ">=7.4"
            },
            "default-branch": true,
            "type": "library",
            "autoload": {
                "files": [
                    "src/functions-helpers.php"
                ],
                "psr-4": {
                    "Backdrop\\Pagination\\": "src/"
                }
            },
            "notification-url": "https://packagist.org/downloads/",
            "license": [
                "GPL-2.0-or-later"
            ],
            "authors": [
                {
                    "name": "Benjamin Lu",
                    "email": "benlumia007@gmail.com",
                    "homepage": "https://luthemes.com",
                    "role": "Developer"
                }
            ],
            "description": "Enhanced pagination add-on for the Backdrop framework.",
            "homepage": "https://github.com/backdrop-dev/pagination",
            "keywords": [
                "wordpress"
            ],
            "support": {
                "issues": "https://github.com/backdrop-dev/pagination/issues",
                "source": "https://github.com/backdrop-dev/pagination/tree/develop"
            },
            "time": "2024-10-25T15:08:23+00:00"
        },
        {
            "name": "backdrop-dev/template-helpers",
            "version": "dev-develop",
            "source": {
                "type": "git",
                "url": "https://github.com/backdrop-dev/template-helpers.git",
                "reference": "9b3b65bb088276a4fd4fe51ac53afd559b581cb9"
            },
            "dist": {
                "type": "zip",
                "url": "https://api.github.com/repos/backdrop-dev/template-helpers/zipball/9b3b65bb088276a4fd4fe51ac53afd559b581cb9",
                "reference": "9b3b65bb088276a4fd4fe51ac53afd559b581cb9",
                "shasum": ""
            },
            "require": {
                "php": ">=7.1"
            },
            "default-branch": true,
            "type": "library",
            "autoload": {
                "files": [
                    "src/functions-helpers.php"
                ],
                "psr-4": {
                    "Backdrop\\Template\\Helpers\\": "src/"
                }
            },
            "notification-url": "https://packagist.org/downloads/",
            "license": [
                "GPL-2.0-or-later"
            ],
            "authors": [
                {
                    "name": "Benjamin Lu",
                    "email": "benlumia007@gmail.com",
                    "homepage": "https://benjlu.com",
                    "role": "Developer"
                }
            ],
            "description": "Backdrop Template Helpers is set a helper functions for setting the path, locations, and filtering templates.",
            "homepage": "https://github.com/backdrop-dev/template-helpers",
            "keywords": [
                "classicpress",
                "wordpress"
            ],
            "support": {
                "issues": "https://github.com/backdrop-dev/template-helpers/issues",
                "source": "https://github.com/backdrop-dev/template-helpers/tree/develop"
            },
            "time": "2023-06-11T17:02:35+00:00"
        },
        {
            "name": "backdrop-dev/template-hierarchy",
            "version": "dev-develop",
            "source": {
                "type": "git",
                "url": "https://github.com/backdrop-dev/template-hierarchy.git",
                "reference": "fe0be9e64ab452d479aab2659b605adfc5062eda"
            },
            "dist": {
                "type": "zip",
                "url": "https://api.github.com/repos/backdrop-dev/template-hierarchy/zipball/fe0be9e64ab452d479aab2659b605adfc5062eda",
                "reference": "fe0be9e64ab452d479aab2659b605adfc5062eda",
                "shasum": ""
            },
            "require": {
                "php": ">=7.4"
            },
            "default-branch": true,
            "type": "library",
            "autoload": {
                "files": [
                    "src/functions-helpers.php"
                ],
                "psr-4": {
                    "Backdrop\\Template\\Hierarchy\\": "src/"
                }
            },
            "notification-url": "https://packagist.org/downloads/",
            "license": [
                "GPL-2.0-or-later"
            ],
            "authors": [
                {
                    "name": "Benjamin Lu",
                    "email": "benlumia007@gmail.com",
                    "homepage": "https://benjlu.com",
                    "role": "Developer"
                }
            ],
            "description": "A smarter and flexible template hierarchy.",
            "homepage": "https://github.com/backdrop-dev/template-hierarchy",
            "keywords": [
                "classicpress",
                "wordpress"
            ],
            "support": {
                "issues": "https://github.com/backdrop-dev/template-hierarchy/issues",
                "source": "https://github.com/backdrop-dev/template-hierarchy/tree/develop"
            },
            "time": "2025-04-23T23:51:16+00:00"
        },
        {
            "name": "backdrop-dev/template-manager",
            "version": "dev-develop",
            "source": {
                "type": "git",
                "url": "https://github.com/backdrop-dev/template-manager.git",
                "reference": "0b5a7ee4064aca954e6f9237cab37e3bdd195ed9"
            },
            "dist": {
                "type": "zip",
                "url": "https://api.github.com/repos/backdrop-dev/template-manager/zipball/0b5a7ee4064aca954e6f9237cab37e3bdd195ed9",
                "reference": "0b5a7ee4064aca954e6f9237cab37e3bdd195ed9",
                "shasum": ""
            },
            "require": {
                "php": ">=7.1"
            },
            "default-branch": true,
            "type": "library",
            "autoload": {
                "psr-4": {
                    "Backdrop\\Template\\Manager\\": "src/"
                }
            },
            "notification-url": "https://packagist.org/downloads/",
            "license": [
                "GPL-2.0-or-later"
            ],
            "authors": [
                {
                    "name": "Benjamin Lu",
                    "email": "benlumia007@gmail.com",
                    "homepage": "https://benjlu.com",
                    "role": "Developer"
                }
            ],
            "description": "Custom templates for registering custom post templates, it works for any object type (e.g., post, term, user, etc.), but does not add any UI elements of its own.",
            "homepage": "https://github.com/benlumia007/backdrop-template-manager",
            "keywords": [
                "wordpress"
            ],
            "support": {
                "issues": "https://github.com/backdrop-dev/template-manager/issues",
                "source": "https://github.com/backdrop-dev/template-manager/tree/develop"
            },
            "time": "2025-04-23T23:53:42+00:00"
        },
        {
            "name": "backdrop-dev/theme",
            "version": "dev-develop",
            "source": {
                "type": "git",
                "url": "https://github.com/backdrop-dev/theme.git",
                "reference": "98ee9d03b43cdab5d755b8d30198423404d870a9"
            },
            "dist": {
                "type": "zip",
                "url": "https://api.github.com/repos/backdrop-dev/theme/zipball/98ee9d03b43cdab5d755b8d30198423404d870a9",
                "reference": "98ee9d03b43cdab5d755b8d30198423404d870a9",
                "shasum": ""
            },
            "require": {
                "php": ">=7.1"
            },
            "default-branch": true,
            "type": "library",
            "autoload": {
                "files": [
                    "src/bootstrap-theme.php"
                ],
                "psr-4": {
                    "Backdrop\\Theme\\": "src/"
                }
            },
            "notification-url": "https://packagist.org/downloads/",
            "license": [
                "GPL-2.0-or-later"
            ],
            "authors": [
                {
                    "name": "Benjamin Lu",
                    "email": "benlumia007@gmail.com",
                    "homepage": "https://benjlu.com",
                    "role": "Developer"
                }
            ],
            "description": "Backdrop Theme is a collection of helper functions and filters to aid in theme development.",
            "homepage": "https://github.com/backdrop-dev/theme",
            "keywords": [
                "classicpress",
                "wordpress"
            ],
            "support": {
                "issues": "https://github.com/backdrop-dev/theme/issues",
                "source": "https://github.com/backdrop-dev/theme/tree/develop"
            },
            "time": "2025-04-21T19:22:33+00:00"
        },
        {
            "name": "backdrop-dev/tools",
            "version": "dev-develop",
            "source": {
                "type": "git",
                "url": "https://github.com/backdrop-dev/tools.git",
                "reference": "87952fa45742aa302ff2f9180eb39f6b2ae29a46"
            },
            "dist": {
                "type": "zip",
                "url": "https://api.github.com/repos/backdrop-dev/tools/zipball/87952fa45742aa302ff2f9180eb39f6b2ae29a46",
                "reference": "87952fa45742aa302ff2f9180eb39f6b2ae29a46",
                "shasum": ""
            },
            "require": {
                "php": ">=7.1"
            },
            "default-branch": true,
            "type": "library",
            "autoload": {
                "psr-4": {
                    "Backdrop\\Tools\\": "src/"
                }
            },
            "notification-url": "https://packagist.org/downloads/",
            "license": [
                "GPL-2.0-or-later"
            ],
            "authors": [
                {
                    "name": "Benjamin Lu",
                    "email": "benlumia007@gmail.com",
                    "homepage": "https://benjlu.com",
                    "role": "Developer"
                }
            ],
            "description": "Backdrop Tools is a collection of helper classes and functions for developing themes and plugins.",
            "homepage": "https://github.com/backdrop-dev/tools",
            "keywords": [
                "classicpress",
                "wordpress"
            ],
            "support": {
                "issues": "https://github.com/backdrop-dev/tools/issues",
                "source": "https://github.com/backdrop-dev/tools/tree/develop"
            },
            "time": "2023-06-11T17:28:39+00:00"
        },
        {
            "name": "backdrop-dev/view",
            "version": "dev-develop",
            "source": {
                "type": "git",
                "url": "https://github.com/backdrop-dev/view.git",
                "reference": "202685db613bc4b9039c500bfa1faa3fdc75c5e9"
            },
            "dist": {
                "type": "zip",
                "url": "https://api.github.com/repos/backdrop-dev/view/zipball/202685db613bc4b9039c500bfa1faa3fdc75c5e9",
                "reference": "202685db613bc4b9039c500bfa1faa3fdc75c5e9",
                "shasum": ""
            },
            "require": {
                "php": ">=7.1"
            },
            "default-branch": true,
            "type": "library",
            "autoload": {
                "files": [
                    "src/functions-helpers.php"
                ],
                "psr-4": {
                    "Backdrop\\View\\": "src/"
                }
            },
            "notification-url": "https://packagist.org/downloads/",
            "license": [
                "GPL-2.0-or-later"
            ],
            "authors": [
                {
                    "name": "Benjamin Lu",
                    "email": "benlumia007@gmail.com",
                    "homepage": "https://benjlu.com",
                    "role": "Developer"
                }
            ],
            "description": "System for setting up and rendering theme template files. Views are a bit like a suped-up version of the core WordPress get_template_part() function.",
            "homepage": "https://github.com/backdrop-dev/view",
            "keywords": [
                "classicpress",
                "wordpress"
            ],
            "support": {
                "issues": "https://github.com/backdrop-dev/view/issues",
                "source": "https://github.com/backdrop-dev/view/tree/develop"
            },
            "time": "2025-04-23T23:52:28+00:00"
        }
    ],
    "packages-dev": [
        {
            "name": "dealerdirect/phpcodesniffer-composer-installer",
            "version": "v1.2.0",
            "source": {
                "type": "git",
                "url": "https://github.com/PHPCSStandards/composer-installer.git",
                "reference": "845eb62303d2ca9b289ef216356568ccc075ffd1"
            },
            "dist": {
                "type": "zip",
                "url": "https://api.github.com/repos/PHPCSStandards/composer-installer/zipball/845eb62303d2ca9b289ef216356568ccc075ffd1",
                "reference": "845eb62303d2ca9b289ef216356568ccc075ffd1",
                "shasum": ""
            },
            "require": {
                "composer-plugin-api": "^2.2",
                "php": ">=5.4",
                "squizlabs/php_codesniffer": "^3.1.0 || ^4.0"
            },
            "require-dev": {
                "composer/composer": "^2.2",
                "ext-json": "*",
                "ext-zip": "*",
                "php-parallel-lint/php-parallel-lint": "^1.4.0",
                "phpcompatibility/php-compatibility": "^9.0 || ^10.0.0@dev",
                "yoast/phpunit-polyfills": "^1.0"
            },
            "type": "composer-plugin",
            "extra": {
                "class": "PHPCSStandards\\Composer\\Plugin\\Installers\\PHPCodeSniffer\\Plugin"
            },
            "autoload": {
                "psr-4": {
                    "PHPCSStandards\\Composer\\Plugin\\Installers\\PHPCodeSniffer\\": "src/"
                }
            },
            "notification-url": "https://packagist.org/downloads/",
            "license": [
                "MIT"
            ],
            "authors": [
                {
                    "name": "Franck Nijhof",
                    "email": "opensource@frenck.dev",
                    "homepage": "https://frenck.dev",
                    "role": "Open source developer"
                },
                {
                    "name": "Contributors",
                    "homepage": "https://github.com/PHPCSStandards/composer-installer/graphs/contributors"
                }
            ],
            "description": "PHP_CodeSniffer Standards Composer Installer Plugin",
            "keywords": [
                "PHPCodeSniffer",
                "PHP_CodeSniffer",
                "code quality",
                "codesniffer",
                "composer",
                "installer",
                "phpcbf",
                "phpcs",
                "plugin",
                "qa",
                "quality",
                "standard",
                "standards",
                "style guide",
                "stylecheck",
                "tests"
            ],
            "support": {
                "issues": "https://github.com/PHPCSStandards/composer-installer/issues",
                "security": "https://github.com/PHPCSStandards/composer-installer/security/policy",
                "source": "https://github.com/PHPCSStandards/composer-installer"
            },
            "funding": [
                {
                    "url": "https://github.com/PHPCSStandards",
                    "type": "github"
                },
                {
                    "url": "https://github.com/jrfnl",
                    "type": "github"
                },
                {
                    "url": "https://opencollective.com/php_codesniffer",
                    "type": "open_collective"
                },
                {
                    "url": "https://thanks.dev/u/gh/phpcsstandards",
                    "type": "thanks_dev"
                }
            ],
            "time": "2025-11-11T04:32:07+00:00"
        },
        {
            "name": "php-parallel-lint/php-parallel-lint",
            "version": "v1.4.0",
            "source": {
                "type": "git",
                "url": "https://github.com/php-parallel-lint/PHP-Parallel-Lint.git",
                "reference": "6db563514f27e19595a19f45a4bf757b6401194e"
            },
            "dist": {
                "type": "zip",
                "url": "https://api.github.com/repos/php-parallel-lint/PHP-Parallel-Lint/zipball/6db563514f27e19595a19f45a4bf757b6401194e",
                "reference": "6db563514f27e19595a19f45a4bf757b6401194e",
                "shasum": ""
            },
            "require": {
                "ext-json": "*",
                "php": ">=5.3.0"
            },
            "replace": {
                "grogy/php-parallel-lint": "*",
                "jakub-onderka/php-parallel-lint": "*"
            },
            "require-dev": {
                "nette/tester": "^1.3 || ^2.0",
                "php-parallel-lint/php-console-highlighter": "0.* || ^1.0",
                "squizlabs/php_codesniffer": "^3.6"
            },
            "suggest": {
                "php-parallel-lint/php-console-highlighter": "Highlight syntax in code snippet"
            },
            "bin": [
                "parallel-lint"
            ],
            "type": "library",
            "autoload": {
                "classmap": [
                    "./src/"
                ]
            },
            "notification-url": "https://packagist.org/downloads/",
            "license": [
                "BSD-2-Clause"
            ],
            "authors": [
                {
                    "name": "Jakub Onderka",
                    "email": "ahoj@jakubonderka.cz"
                }
            ],
            "description": "This tool checks the syntax of PHP files about 20x faster than serial check.",
            "homepage": "https://github.com/php-parallel-lint/PHP-Parallel-Lint",
            "keywords": [
                "lint",
                "static analysis"
            ],
            "support": {
                "issues": "https://github.com/php-parallel-lint/PHP-Parallel-Lint/issues",
                "source": "https://github.com/php-parallel-lint/PHP-Parallel-Lint/tree/v1.4.0"
            },
            "time": "2024-03-27T12:14:49+00:00"
        },
        {
            "name": "phpcompatibility/php-compatibility",
            "version": "9.3.5",
            "source": {
                "type": "git",
                "url": "https://github.com/PHPCompatibility/PHPCompatibility.git",
                "reference": "9fb324479acf6f39452e0655d2429cc0d3914243"
            },
            "dist": {
                "type": "zip",
                "url": "https://api.github.com/repos/PHPCompatibility/PHPCompatibility/zipball/9fb324479acf6f39452e0655d2429cc0d3914243",
                "reference": "9fb324479acf6f39452e0655d2429cc0d3914243",
                "shasum": ""
            },
            "require": {
                "php": ">=5.3",
                "squizlabs/php_codesniffer": "^2.3 || ^3.0.2"
            },
            "conflict": {
                "squizlabs/php_codesniffer": "2.6.2"
            },
            "require-dev": {
                "phpunit/phpunit": "~4.5 || ^5.0 || ^6.0 || ^7.0"
            },
            "suggest": {
                "dealerdirect/phpcodesniffer-composer-installer": "^0.5 || This Composer plugin will sort out the PHPCS 'installed_paths' automatically.",
                "roave/security-advisories": "dev-master || Helps prevent installing dependencies with known security issues."
            },
            "type": "phpcodesniffer-standard",
            "notification-url": "https://packagist.org/downloads/",
            "license": [
                "LGPL-3.0-or-later"
            ],
            "authors": [
                {
                    "name": "Wim Godden",
                    "homepage": "https://github.com/wimg",
                    "role": "lead"
                },
                {
                    "name": "Juliette Reinders Folmer",
                    "homepage": "https://github.com/jrfnl",
                    "role": "lead"
                },
                {
                    "name": "Contributors",
                    "homepage": "https://github.com/PHPCompatibility/PHPCompatibility/graphs/contributors"
                }
            ],
            "description": "A set of sniffs for PHP_CodeSniffer that checks for PHP cross-version compatibility.",
            "homepage": "http://techblog.wimgodden.be/tag/codesniffer/",
            "keywords": [
                "compatibility",
                "phpcs",
                "standards"
            ],
            "support": {
                "issues": "https://github.com/PHPCompatibility/PHPCompatibility/issues",
                "source": "https://github.com/PHPCompatibility/PHPCompatibility"
            },
            "time": "2019-12-27T09:44:58+00:00"
        },
        {
            "name": "phpcompatibility/phpcompatibility-paragonie",
            "version": "1.3.4",
            "source": {
                "type": "git",
                "url": "https://github.com/PHPCompatibility/PHPCompatibilityParagonie.git",
                "reference": "244d7b04fc4bc2117c15f5abe23eb933b5f02bbf"
            },
            "dist": {
                "type": "zip",
                "url": "https://api.github.com/repos/PHPCompatibility/PHPCompatibilityParagonie/zipball/244d7b04fc4bc2117c15f5abe23eb933b5f02bbf",
                "reference": "244d7b04fc4bc2117c15f5abe23eb933b5f02bbf",
                "shasum": ""
            },
            "require": {
                "phpcompatibility/php-compatibility": "^9.0"
            },
            "require-dev": {
                "dealerdirect/phpcodesniffer-composer-installer": "^1.0",
                "paragonie/random_compat": "dev-master",
                "paragonie/sodium_compat": "dev-master"
            },
            "suggest": {
                "dealerdirect/phpcodesniffer-composer-installer": "^1.0 || This Composer plugin will sort out the PHP_CodeSniffer 'installed_paths' automatically.",
                "roave/security-advisories": "dev-master || Helps prevent installing dependencies with known security issues."
            },
            "type": "phpcodesniffer-standard",
            "notification-url": "https://packagist.org/downloads/",
            "license": [
                "LGPL-3.0-or-later"
            ],
            "authors": [
                {
                    "name": "Wim Godden",
                    "role": "lead"
                },
                {
                    "name": "Juliette Reinders Folmer",
                    "role": "lead"
                }
            ],
            "description": "A set of rulesets for PHP_CodeSniffer to check for PHP cross-version compatibility issues in projects, while accounting for polyfills provided by the Paragonie polyfill libraries.",
            "homepage": "http://phpcompatibility.com/",
            "keywords": [
                "compatibility",
                "paragonie",
                "phpcs",
                "polyfill",
                "standards",
                "static analysis"
            ],
            "support": {
                "issues": "https://github.com/PHPCompatibility/PHPCompatibilityParagonie/issues",
                "security": "https://github.com/PHPCompatibility/PHPCompatibilityParagonie/security/policy",
                "source": "https://github.com/PHPCompatibility/PHPCompatibilityParagonie"
            },
            "funding": [
                {
                    "url": "https://github.com/PHPCompatibility",
                    "type": "github"
                },
                {
                    "url": "https://github.com/jrfnl",
                    "type": "github"
                },
                {
                    "url": "https://opencollective.com/php_codesniffer",
                    "type": "open_collective"
                },
                {
                    "url": "https://thanks.dev/u/gh/phpcompatibility",
                    "type": "thanks_dev"
                }
            ],
            "time": "2025-09-19T17:43:28+00:00"
        },
        {
            "name": "phpcompatibility/phpcompatibility-wp",
            "version": "2.1.8",
            "source": {
                "type": "git",
                "url": "https://github.com/PHPCompatibility/PHPCompatibilityWP.git",
                "reference": "7c8d18b4d90dac9e86b0869a608fa09158e168fa"
            },
            "dist": {
                "type": "zip",
                "url": "https://api.github.com/repos/PHPCompatibility/PHPCompatibilityWP/zipball/7c8d18b4d90dac9e86b0869a608fa09158e168fa",
                "reference": "7c8d18b4d90dac9e86b0869a608fa09158e168fa",
                "shasum": ""
            },
            "require": {
                "phpcompatibility/php-compatibility": "^9.0",
                "phpcompatibility/phpcompatibility-paragonie": "^1.0",
                "squizlabs/php_codesniffer": "^3.3"
            },
            "require-dev": {
                "dealerdirect/phpcodesniffer-composer-installer": "^1.0"
            },
            "suggest": {
                "dealerdirect/phpcodesniffer-composer-installer": "^1.0 || This Composer plugin will sort out the PHP_CodeSniffer 'installed_paths' automatically.",
                "roave/security-advisories": "dev-master || Helps prevent installing dependencies with known security issues."
            },
            "type": "phpcodesniffer-standard",
            "notification-url": "https://packagist.org/downloads/",
            "license": [
                "LGPL-3.0-or-later"
            ],
            "authors": [
                {
                    "name": "Wim Godden",
                    "role": "lead"
                },
                {
                    "name": "Juliette Reinders Folmer",
                    "role": "lead"
                }
            ],
            "description": "A ruleset for PHP_CodeSniffer to check for PHP cross-version compatibility issues in projects, while accounting for polyfills provided by WordPress.",
            "homepage": "http://phpcompatibility.com/",
            "keywords": [
                "compatibility",
                "phpcs",
                "standards",
                "static analysis",
                "wordpress"
            ],
            "support": {
                "issues": "https://github.com/PHPCompatibility/PHPCompatibilityWP/issues",
                "security": "https://github.com/PHPCompatibility/PHPCompatibilityWP/security/policy",
                "source": "https://github.com/PHPCompatibility/PHPCompatibilityWP"
            },
            "funding": [
                {
                    "url": "https://github.com/PHPCompatibility",
                    "type": "github"
                },
                {
                    "url": "https://github.com/jrfnl",
                    "type": "github"
                },
                {
                    "url": "https://opencollective.com/php_codesniffer",
                    "type": "open_collective"
                },
                {
                    "url": "https://thanks.dev/u/gh/phpcompatibility",
                    "type": "thanks_dev"
                }
            ],
            "time": "2025-10-18T00:05:59+00:00"
        },
        {
            "name": "squizlabs/php_codesniffer",
            "version": "3.13.5",
            "source": {
                "type": "git",
                "url": "https://github.com/PHPCSStandards/PHP_CodeSniffer.git",
                "reference": "0ca86845ce43291e8f5692c7356fccf3bcf02bf4"
            },
            "dist": {
                "type": "zip",
                "url": "https://api.github.com/repos/PHPCSStandards/PHP_CodeSniffer/zipball/0ca86845ce43291e8f5692c7356fccf3bcf02bf4",
                "reference": "0ca86845ce43291e8f5692c7356fccf3bcf02bf4",
                "shasum": ""
            },
            "require": {
                "ext-simplexml": "*",
                "ext-tokenizer": "*",
                "ext-xmlwriter": "*",
                "php": ">=5.4.0"
            },
            "require-dev": {
                "phpunit/phpunit": "^4.0 || ^5.0 || ^6.0 || ^7.0 || ^8.0 || ^9.3.4"
            },
            "bin": [
                "bin/phpcbf",
                "bin/phpcs"
            ],
            "type": "library",
            "notification-url": "https://packagist.org/downloads/",
            "license": [
                "BSD-3-Clause"
            ],
            "authors": [
                {
                    "name": "Greg Sherwood",
                    "role": "Former lead"
                },
                {
                    "name": "Juliette Reinders Folmer",
                    "role": "Current lead"
                },
                {
                    "name": "Contributors",
                    "homepage": "https://github.com/PHPCSStandards/PHP_CodeSniffer/graphs/contributors"
                }
            ],
            "description": "PHP_CodeSniffer tokenizes PHP, JavaScript and CSS files and detects violations of a defined set of coding standards.",
            "homepage": "https://github.com/PHPCSStandards/PHP_CodeSniffer",
            "keywords": [
                "phpcs",
                "standards",
                "static analysis"
            ],
            "support": {
                "issues": "https://github.com/PHPCSStandards/PHP_CodeSniffer/issues",
                "security": "https://github.com/PHPCSStandards/PHP_CodeSniffer/security/policy",
                "source": "https://github.com/PHPCSStandards/PHP_CodeSniffer",
                "wiki": "https://github.com/PHPCSStandards/PHP_CodeSniffer/wiki"
            },
            "funding": [
                {
                    "url": "https://github.com/PHPCSStandards",
                    "type": "github"
                },
                {
                    "url": "https://github.com/jrfnl",
                    "type": "github"
                },
                {
                    "url": "https://opencollective.com/php_codesniffer",
                    "type": "open_collective"
                },
                {
                    "url": "https://thanks.dev/u/gh/phpcsstandards",
                    "type": "thanks_dev"
                }
            ],
            "time": "2025-11-04T16:30:35+00:00"
        },
        {
            "name": "wp-coding-standards/wpcs",
            "version": "2.3.0",
            "source": {
                "type": "git",
                "url": "https://github.com/WordPress/WordPress-Coding-Standards.git",
                "reference": "7da1894633f168fe244afc6de00d141f27517b62"
            },
            "dist": {
                "type": "zip",
                "url": "https://api.github.com/repos/WordPress/WordPress-Coding-Standards/zipball/7da1894633f168fe244afc6de00d141f27517b62",
                "reference": "7da1894633f168fe244afc6de00d141f27517b62",
                "shasum": ""
            },
            "require": {
                "php": ">=5.4",
                "squizlabs/php_codesniffer": "^3.3.1"
            },
            "require-dev": {
                "dealerdirect/phpcodesniffer-composer-installer": "^0.5 || ^0.6",
                "phpcompatibility/php-compatibility": "^9.0",
                "phpcsstandards/phpcsdevtools": "^1.0",
                "phpunit/phpunit": "^4.0 || ^5.0 || ^6.0 || ^7.0"
            },
            "suggest": {
                "dealerdirect/phpcodesniffer-composer-installer": "^0.6 || This Composer plugin will sort out the PHPCS 'installed_paths' automatically."
            },
            "type": "phpcodesniffer-standard",
            "notification-url": "https://packagist.org/downloads/",
            "license": [
                "MIT"
            ],
            "authors": [
                {
                    "name": "Contributors",
                    "homepage": "https://github.com/WordPress/WordPress-Coding-Standards/graphs/contributors"
                }
            ],
            "description": "PHP_CodeSniffer rules (sniffs) to enforce WordPress coding conventions",
            "keywords": [
                "phpcs",
                "standards",
                "wordpress"
            ],
            "support": {
                "issues": "https://github.com/WordPress/WordPress-Coding-Standards/issues",
                "source": "https://github.com/WordPress/WordPress-Coding-Standards",
                "wiki": "https://github.com/WordPress/WordPress-Coding-Standards/wiki"
            },
            "time": "2020-05-13T23:57:56+00:00"
        },
        {
            "name": "wptrt/wpthemereview",
            "version": "0.2.1",
            "source": {
                "type": "git",
                "url": "https://github.com/WPTT/WPThemeReview.git",
                "reference": "462e59020dad9399ed2fe8e61f2a21b5e206e420"
            },
            "dist": {
                "type": "zip",
                "url": "https://api.github.com/repos/WPTT/WPThemeReview/zipball/462e59020dad9399ed2fe8e61f2a21b5e206e420",
                "reference": "462e59020dad9399ed2fe8e61f2a21b5e206e420",
                "shasum": ""
            },
            "require": {
                "php": ">=5.4",
                "phpcompatibility/phpcompatibility-wp": "^2.0",
                "squizlabs/php_codesniffer": "^3.3.1",
                "wp-coding-standards/wpcs": "^2.2.0"
            },
            "require-dev": {
                "dealerdirect/phpcodesniffer-composer-installer": "^0.5.0",
                "phpcompatibility/php-compatibility": "^9.0",
                "phpunit/phpunit": "^4.0 || ^5.0 || ^6.0 || ^7.0",
                "roave/security-advisories": "dev-master"
            },
            "suggest": {
                "dealerdirect/phpcodesniffer-composer-installer": "^0.5.0 || This Composer plugin will sort out the PHPCS 'installed_paths' automatically."
            },
            "type": "phpcodesniffer-standard",
            "notification-url": "https://packagist.org/downloads/",
            "license": [
                "MIT"
            ],
            "authors": [
                {
                    "name": "Theme Review Team",
                    "homepage": "https://make.wordpress.org/themes/handbook/",
                    "role": "Strategy and rule setting"
                },
                {
                    "name": "Ulrich Pogson",
                    "homepage": "https://github.com/grappler",
                    "role": "Lead developer"
                },
                {
                    "name": "Juliette Reinders Folmer",
                    "homepage": "https://github.com/jrfnl",
                    "role": "Lead developer"
                },
                {
                    "name": "Denis Žoljom",
                    "homepage": "https://github.com/dingo-d",
                    "role": "Plugin integration lead"
                },
                {
                    "name": "Contributors",
                    "homepage": "https://github.com/WPTRT/WPThemeReview/graphs/contributors"
                }
            ],
            "description": "PHP_CodeSniffer rules (sniffs) to verify theme compliance with the rules for theme hosting on wordpress.org",
            "homepage": "https://make.wordpress.org/themes/handbook/review/",
            "keywords": [
                "phpcs",
                "standards",
                "themes",
                "wordpress"
            ],
            "support": {
                "issues": "https://github.com/WPTRT/WPThemeReview/issues",
                "source": "https://github.com/WPTRT/WPThemeReview"
            },
            "time": "2019-11-17T20:05:55+00:00"
        }
    ],
    "aliases": [],
    "minimum-stability": "stable",
    "stability-flags": {
        "backdrop-dev/contracts": 20,
        "backdrop-dev/customize": 20,
        "backdrop-dev/fonts": 20,
        "backdrop-dev/framework": 20,
        "backdrop-dev/languages": 20,
        "backdrop-dev/mix": 20,
        "backdrop-dev/pagination": 20,
        "backdrop-dev/template-helpers": 20,
        "backdrop-dev/template-hierarchy": 20,
        "backdrop-dev/template-manager": 20,
        "backdrop-dev/theme": 20,
        "backdrop-dev/tools": 20,
        "backdrop-dev/view": 20
    },
    "prefer-stable": false,
    "prefer-lowest": false,
    "platform": {
        "php": ">=7.4"
    },
    "platform-dev": {},
    "plugin-api-version": "2.6.0"
}
